
Microsoft Visual Studio Solution File, Format Version 12.00
# Visual Studio Version 16
VisualStudioVersion = 16.0.31129.286
MinimumVisualStudioVersion = 10.0.40219.1
Project("{FAE04EC0-301F-11D3-BF4B-00C04F79EFBC}") = "SolidExamples", "SolidExamples.csproj", "{5131418D-460B-415A-8FDD-713D10739E5F}"
EndProject
Global
	GlobalSection(SolutionConfigurationPlatforms) = preSolution
		Debug|Any CPU = Debug|Any CPU
		Release|Any CPU = Release|Any CPU
	EndGlobalSection
	GlobalSection(ProjectConfigurationPlatforms) = postSolution
		{5131418D-460B-415A-8FDD-713D10739E5F}.Debug|Any CPU.ActiveCfg = Debug|Any CPU
		{5131418D-460B-415A-8FDD-713D10739E5F}.Debug|Any CPU.Build.0 = Debug|Any CPU
		{5131418D-460B-415A-8FDD-713D10739E5F}.Release|Any CPU.ActiveCfg = Release|Any CPU
		{5131418D-460B-415A-8FDD-713D10739E5F}.Release|Any CPU.Build.0 = Release|Any CPU
	EndGlobalSection
	GlobalSection(SolutionProperties) = preSolution
		HideSolutionNode = FALSE
	EndGlobalSection
	GlobalSection(ExtensibilityGlobals) = postSolution
		SolutionGuid = {83961380-820B-49C4-ADD6-914603684A6F}
	EndGlobalSection
EndGlobal
